PODS:
  - CHTCollectionViewWaterfallLayout (0.9.8):
    - CHTCollectionViewWaterfallLayout/ObjC (= 0.9.8)
  - CHTCollectionViewWaterfallLayout/ObjC (0.9.8)

DEPENDENCIES:
  - CHTCollectionViewWaterfallLayout

SPEC REPOS:
  trunk:
    - CHTCollectionViewWaterfallLayout

SPEC CHECKSUMS:
  CHTCollectionViewWaterfallLayout: 5f241d2480ab4939aa0d1ad4981de9eef1fbe60d

PODFILE CHECKSUM: 179727847b59450944307972e90195aa1c8fd094

COCOAPODS: 1.9.1
