// !$*UTF8*$!
{
	archiveVersion = 1;
	classes = {
	};
	objectVersion = 51;
	objects = {

/* Begin PBXBuildFile section */
		429DA539F776F82DE898E8CB /* Pods_PinterestLayout_PinterestLayoutUITests.framework in Frameworks */ = {isa = PBXBuildFile; fileRef = 5347B64C6A79E3CD454EF5B7 /* Pods_PinterestLayout_PinterestLayoutUITests.framework */; };
		5EDC007824FC9B8100B7E5DC /* AppDelegate.swift in Sources */ = {isa = PBXBuildFile; fileRef = 5EDC007724FC9B8100B7E5DC /* AppDelegate.swift */; };
		5EDC007A24FC9B8100B7E5DC /* ViewController.swift in Sources */ = {isa = PBXBuildFile; fileRef = 5EDC007924FC9B8100B7E5DC /* ViewController.swift */; };
		5EDC007D24FC9B8100B7E5DC /* Main.storyboard in Resources */ = {isa = PBXBuildFile; fileRef = 5EDC007B24FC9B8100B7E5DC /* Main.storyboard */; };
		5EDC007F24FC9B8300B7E5DC /* Assets.xcassets in Resources */ = {isa = PBXBuildFile; fileRef = 5EDC007E24FC9B8300B7E5DC /* Assets.xcassets */; };
		5EDC008224FC9B8300B7E5DC /* LaunchScreen.storyboard in Resources */ = {isa = PBXBuildFile; fileRef = 5EDC008024FC9B8300B7E5DC /* LaunchScreen.storyboard */; };
		5EDC008D24FC9B8300B7E5DC /* PinterestLayoutTests.swift in Sources */ = {isa = PBXBuildFile; fileRef = 5EDC008C24FC9B8300B7E5DC /* PinterestLayoutTests.swift */; };
		5EDC009824FC9B8300B7E5DC /* PinterestLayoutUITests.swift in Sources */ = {isa = PBXBuildFile; fileRef = 5EDC009724FC9B8300B7E5DC /* PinterestLayoutUITests.swift */; };
		5EDC00A824FC9BE000B7E5DC /* CollectionViewCell.swift in Sources */ = {isa = PBXBuildFile; fileRef = 5EDC00A624FC9BE000B7E5DC /* CollectionViewCell.swift */; };
		5EDC00A924FC9BE000B7E5DC /* CollectionViewCell.xib in Resources */ = {isa = PBXBuildFile; fileRef = 5EDC00A724FC9BE000B7E5DC /* CollectionViewCell.xib */; };
		5EDC00C124FCB12A00B7E5DC /* CHTCollectionViewWaterfallLayout.swift in Sources */ = {isa = PBXBuildFile; fileRef = 5EDC00C024FCB12A00B7E5DC /* CHTCollectionViewWaterfallLayout.swift */; };
		5EDC00C324FCB20500B7E5DC /* Model.swift in Sources */ = {isa = PBXBuildFile; fileRef = 5EDC00C224FCB20500B7E5DC /* Model.swift */; };
		6D462EA182305A27A3DFB34B /* Pods_PinterestLayout.framework in Frameworks */ = {isa = PBXBuildFile; fileRef = 371E2B161558A7CFAFC6ED84 /* Pods_PinterestLayout.framework */; };
		C25C34AD8621A87D8020C8AB /* Pods_PinterestLayoutTests.framework in Frameworks */ = {isa = PBXBuildFile; fileRef = 31B6020E7B4D2EEEC9D6A6ED /* Pods_PinterestLayoutTests.framework */; };
/* End PBXBuildFile section */

/* Begin PBXContainerItemProxy section */
		5EDC008924FC9B8300B7E5DC /* PBXContainerItemProxy */ = {
			isa = PBXContainerItemProxy;
			containerPortal = 5EDC006C24FC9B8100B7E5DC /* Project object */;
			proxyType = 1;
			remoteGlobalIDString = 5EDC007324FC9B8100B7E5DC;
			remoteInfo = PinterestLayout;
		};
		5EDC009424FC9B8300B7E5DC /* PBXContainerItemProxy */ = {
			isa = PBXContainerItemProxy;
			containerPortal = 5EDC006C24FC9B8100B7E5DC /* Project object */;
			proxyType = 1;
			remoteGlobalIDString = 5EDC007324FC9B8100B7E5DC;
			remoteInfo = PinterestLayout;
		};
/* End PBXContainerItemProxy section */

/* Begin PBXFileReference section */
		31B6020E7B4D2EEEC9D6A6ED /* Pods_PinterestLayoutTests.framework */ = {isa = PBXFileReference; explicitFileType = wrapper.framework; includeInIndex = 0; path = Pods_PinterestLayoutTests.framework; sourceTree = BUILT_PRODUCTS_DIR; };
		371E2B161558A7CFAFC6ED84 /* Pods_PinterestLayout.framework */ = {isa = PBXFileReference; explicitFileType = wrapper.framework; includeInIndex = 0; path = Pods_PinterestLayout.framework; sourceTree = BUILT_PRODUCTS_DIR; };
		40DEF14DE2C868AEE3EA01B1 /* Pods-PinterestLayout.release.xcconfig */ = {isa = PBXFileReference; includeInIndex = 1; lastKnownFileType = text.xcconfig; name = "Pods-PinterestLayout.release.xcconfig"; path = "Target Support Files/Pods-PinterestLayout/Pods-PinterestLayout.release.xcconfig"; sourceTree = "<group>"; };
		5347B64C6A79E3CD454EF5B7 /* Pods_PinterestLayout_PinterestLayoutUITests.framework */ = {isa = PBXFileReference; explicitFileType = wrapper.framework; includeInIndex = 0; path = Pods_PinterestLayout_PinterestLayoutUITests.framework; sourceTree = BUILT_PRODUCTS_DIR; };
		5EDC007424FC9B8100B7E5DC /* PinterestLayout.app */ = {isa = PBXFileReference; explicitFileType = wrapper.application; includeInIndex = 0; path = PinterestLayout.app; sourceTree = BUILT_PRODUCTS_DIR; };
		5EDC007724FC9B8100B7E5DC /* AppDelegate.swift */ = {isa = PBXFileReference; lastKnownFileType = sourcecode.swift; path = AppDelegate.swift; sourceTree = "<group>"; };
		5EDC007924FC9B8100B7E5DC /* ViewController.swift */ = {isa = PBXFileReference; lastKnownFileType = sourcecode.swift; path = ViewController.swift; sourceTree = "<group>"; };
		5EDC007C24FC9B8100B7E5DC /* Base */ = {isa = PBXFileReference; lastKnownFileType = file.storyboard; name = Base; path = Base.lproj/Main.storyboard; sourceTree = "<group>"; };
		5EDC007E24FC9B8300B7E5DC /* Assets.xcassets */ = {isa = PBXFileReference; lastKnownFileType = folder.assetcatalog; path = Assets.xcassets; sourceTree = "<group>"; };
		5EDC008124FC9B8300B7E5DC /* Base */ = {isa = PBXFileReference; lastKnownFileType = file.storyboard; name = Base; path = Base.lproj/LaunchScreen.storyboard; sourceTree = "<group>"; };
		5EDC008324FC9B8300B7E5DC /* Info.plist */ = {isa = PBXFileReference; lastKnownFileType = text.plist.xml; path = Info.plist; sourceTree = "<group>"; };
		5EDC008824FC9B8300B7E5DC /* PinterestLayoutTests.xctest */ = {isa = PBXFileReference; explicitFileType = wrapper.cfbundle; includeInIndex = 0; path = PinterestLayoutTests.xctest; sourceTree = BUILT_PRODUCTS_DIR; };
		5EDC008C24FC9B8300B7E5DC /* PinterestLayoutTests.swift */ = {isa = PBXFileReference; lastKnownFileType = sourcecode.swift; path = PinterestLayoutTests.swift; sourceTree = "<group>"; };
		5EDC008E24FC9B8300B7E5DC /* Info.plist */ = {isa = PBXFileReference; lastKnownFileType = text.plist.xml; path = Info.plist; sourceTree = "<group>"; };
		5EDC009324FC9B8300B7E5DC /* PinterestLayoutUITests.xctest */ = {isa = PBXFileReference; explicitFileType = wrapper.cfbundle; includeInIndex = 0; path = PinterestLayoutUITests.xctest; sourceTree = BUILT_PRODUCTS_DIR; };
		5EDC009724FC9B8300B7E5DC /* PinterestLayoutUITests.swift */ = {isa = PBXFileReference; lastKnownFileType = sourcecode.swift; path = PinterestLayoutUITests.swift; sourceTree = "<group>"; };
		5EDC009924FC9B8300B7E5DC /* Info.plist */ = {isa = PBXFileReference; lastKnownFileType = text.plist.xml; path = Info.plist; sourceTree = "<group>"; };
		5EDC00A624FC9BE000B7E5DC /* CollectionViewCell.swift */ = {isa = PBXFileReference; lastKnownFileType = sourcecode.swift; path = CollectionViewCell.swift; sourceTree = "<group>"; };
		5EDC00A724FC9BE000B7E5DC /* CollectionViewCell.xib */ = {isa = PBXFileReference; lastKnownFileType = file.xib; path = CollectionViewCell.xib; sourceTree = "<group>"; };
		5EDC00C024FCB12A00B7E5DC /* CHTCollectionViewWaterfallLayout.swift */ = {isa = PBXFileReference; fileEncoding = 4; lastKnownFileType = sourcecode.swift; path = CHTCollectionViewWaterfallLayout.swift; sourceTree = "<group>"; };
		5EDC00C224FCB20500B7E5DC /* Model.swift */ = {isa = PBXFileReference; lastKnownFileType = sourcecode.swift; path = Model.swift; sourceTree = "<group>"; };
		726C818370EDD413BCBEB949 /* Pods-PinterestLayout-PinterestLayoutUITests.release.xcconfig */ = {isa = PBXFileReference; includeInIndex = 1; lastKnownFileType = text.xcconfig; name = "Pods-PinterestLayout-PinterestLayoutUITests.release.xcconfig"; path = "Target Support Files/Pods-PinterestLayout-PinterestLayoutUITests/Pods-PinterestLayout-PinterestLayoutUITests.release.xcconfig"; sourceTree = "<group>"; };
		9B9CBAC36F29D5407634D65A /* Pods-PinterestLayoutTests.release.xcconfig */ = {isa = PBXFileReference; includeInIndex = 1; lastKnownFileType = text.xcconfig; name = "Pods-PinterestLayoutTests.release.xcconfig"; path = "Target Support Files/Pods-PinterestLayoutTests/Pods-PinterestLayoutTests.release.xcconfig"; sourceTree = "<group>"; };
		AE702191B75014366ED59BF5 /* Pods-PinterestLayout.debug.xcconfig */ = {isa = PBXFileReference; includeInIndex = 1; lastKnownFileType = text.xcconfig; name = "Pods-PinterestLayout.debug.xcconfig"; path = "Target Support Files/Pods-PinterestLayout/Pods-PinterestLayout.debug.xcconfig"; sourceTree = "<group>"; };
		D22076D5A871E498F46AC529 /* Pods-PinterestLayout-PinterestLayoutUITests.debug.xcconfig */ = {isa = PBXFileReference; includeInIndex = 1; lastKnownFileType = text.xcconfig; name = "Pods-PinterestLayout-PinterestLayoutUITests.debug.xcconfig"; path = "Target Support Files/Pods-PinterestLayout-PinterestLayoutUITests/Pods-PinterestLayout-PinterestLayoutUITests.debug.xcconfig"; sourceTree = "<group>"; };
		ECCC063A70C5CFF770B6BB64 /* Pods-PinterestLayoutTests.debug.xcconfig */ = {isa = PBXFileReference; includeInIndex = 1; lastKnownFileType = text.xcconfig; name = "Pods-PinterestLayoutTests.debug.xcconfig"; path = "Target Support Files/Pods-PinterestLayoutTests/Pods-PinterestLayoutTests.debug.xcconfig"; sourceTree = "<group>"; };
/* End PBXFileReference section */

/* Begin PBXFrameworksBuildPhase section */
		5EDC007124FC9B8100B7E5DC /* Frameworks */ = {
			isa = PBXFrameworksBuildPhase;
			buildActionMask = 2147483647;
			files = (
				6D462EA182305A27A3DFB34B /* Pods_PinterestLayout.framework in Frameworks */,
			);
			runOnlyForDeploymentPostprocessing = 0;
		};
		5EDC008524FC9B8300B7E5DC /* Frameworks */ = {
			isa = PBXFrameworksBuildPhase;
			buildActionMask = 2147483647;
			files = (
				C25C34AD8621A87D8020C8AB /* Pods_PinterestLayoutTests.framework in Frameworks */,
			);
			runOnlyForDeploymentPostprocessing = 0;
		};
		5EDC009024FC9B8300B7E5DC /* Frameworks */ = {
			isa = PBXFrameworksBuildPhase;
			buildActionMask = 2147483647;
			files = (
				429DA539F776F82DE898E8CB /* Pods_PinterestLayout_PinterestLayoutUITests.framework in Frameworks */,
			);
			runOnlyForDeploymentPostprocessing = 0;
		};
/* End PBXFrameworksBuildPhase section */

/* Begin PBXGroup section */
		5EDC006B24FC9B8100B7E5DC = {
			isa = PBXGroup;
			children = (
				5EDC007624FC9B8100B7E5DC /* PinterestLayout */,
				5EDC008B24FC9B8300B7E5DC /* PinterestLayoutTests */,
				5EDC009624FC9B8300B7E5DC /* PinterestLayoutUITests */,
				5EDC007524FC9B8100B7E5DC /* Products */,
				7CF8A8AF9A0895C374F18869 /* Pods */,
				7A3F6047E1DC765D7310F2D8 /* Frameworks */,
			);
			sourceTree = "<group>";
		};
		5EDC007524FC9B8100B7E5DC /* Products */ = {
			isa = PBXGroup;
			children = (
				5EDC007424FC9B8100B7E5DC /* PinterestLayout.app */,
				5EDC008824FC9B8300B7E5DC /* PinterestLayoutTests.xctest */,
				5EDC009324FC9B8300B7E5DC /* PinterestLayoutUITests.xctest */,
			);
			name = Products;
			sourceTree = "<group>";
		};
		5EDC007624FC9B8100B7E5DC /* PinterestLayout */ = {
			isa = PBXGroup;
			children = (
				5EDC00C024FCB12A00B7E5DC /* CHTCollectionViewWaterfallLayout.swift */,
				5EDC00A524FC9BB400B7E5DC /* CollectionCell */,
				5EDC007724FC9B8100B7E5DC /* AppDelegate.swift */,
				5EDC007924FC9B8100B7E5DC /* ViewController.swift */,
				5EDC007B24FC9B8100B7E5DC /* Main.storyboard */,
				5EDC007E24FC9B8300B7E5DC /* Assets.xcassets */,
				5EDC008024FC9B8300B7E5DC /* LaunchScreen.storyboard */,
				5EDC008324FC9B8300B7E5DC /* Info.plist */,
				5EDC00C224FCB20500B7E5DC /* Model.swift */,
			);
			path = PinterestLayout;
			sourceTree = "<group>";
		};
		5EDC008B24FC9B8300B7E5DC /* PinterestLayoutTests */ = {
			isa = PBXGroup;
			children = (
				5EDC008C24FC9B8300B7E5DC /* PinterestLayoutTests.swift */,
				5EDC008E24FC9B8300B7E5DC /* Info.plist */,
			);
			path = PinterestLayoutTests;
			sourceTree = "<group>";
		};
		5EDC009624FC9B8300B7E5DC /* PinterestLayoutUITests */ = {
			isa = PBXGroup;
			children = (
				5EDC009724FC9B8300B7E5DC /* PinterestLayoutUITests.swift */,
				5EDC009924FC9B8300B7E5DC /* Info.plist */,
			);
			path = PinterestLayoutUITests;
			sourceTree = "<group>";
		};
		5EDC00A524FC9BB400B7E5DC /* CollectionCell */ = {
			isa = PBXGroup;
			children = (
				5EDC00A624FC9BE000B7E5DC /* CollectionViewCell.swift */,
				5EDC00A724FC9BE000B7E5DC /* CollectionViewCell.xib */,
			);
			path = CollectionCell;
			sourceTree = "<group>";
		};
		7A3F6047E1DC765D7310F2D8 /* Frameworks */ = {
			isa = PBXGroup;
			children = (
				371E2B161558A7CFAFC6ED84 /* Pods_PinterestLayout.framework */,
				5347B64C6A79E3CD454EF5B7 /* Pods_PinterestLayout_PinterestLayoutUITests.framework */,
				31B6020E7B4D2EEEC9D6A6ED /* Pods_PinterestLayoutTests.framework */,
			);
			name = Frameworks;
			sourceTree = "<group>";
		};
		7CF8A8AF9A0895C374F18869 /* Pods */ = {
			isa = PBXGroup;
			children = (
				AE702191B75014366ED59BF5 /* Pods-PinterestLayout.debug.xcconfig */,
				40DEF14DE2C868AEE3EA01B1 /* Pods-PinterestLayout.release.xcconfig */,
				D22076D5A871E498F46AC529 /* Pods-PinterestLayout-PinterestLayoutUITests.debug.xcconfig */,
				726C818370EDD413BCBEB949 /* Pods-PinterestLayout-PinterestLayoutUITests.release.xcconfig */,
				ECCC063A70C5CFF770B6BB64 /* Pods-PinterestLayoutTests.debug.xcconfig */,
				9B9CBAC36F29D5407634D65A /* Pods-PinterestLayoutTests.release.xcconfig */,
			);
			path = Pods;
			sourceTree = "<group>";
		};
/* End PBXGroup section */

/* Begin PBXNativeTarget section */
		5EDC007324FC9B8100B7E5DC /* PinterestLayout */ = {
			isa = PBXNativeTarget;
			buildConfigurationList = 5EDC009C24FC9B8300B7E5DC /* Build configuration list for PBXNativeTarget "PinterestLayout" */;
			buildPhases = (
				93643FAF45B32F789F33C102 /* [CP] Check Pods Manifest.lock */,
				5EDC007024FC9B8100B7E5DC /* Sources */,
				5EDC007124FC9B8100B7E5DC /* Frameworks */,
				5EDC007224FC9B8100B7E5DC /* Resources */,
				5ACA4719149A7A31BD9D840C /* [CP] Embed Pods Frameworks */,
			);
			buildRules = (
			);
			dependencies = (
			);
			name = PinterestLayout;
			productName = PinterestLayout;
			productReference = 5EDC007424FC9B8100B7E5DC /* PinterestLayout.app */;
			productType = "com.apple.product-type.application";
		};
		5EDC008724FC9B8300B7E5DC /* PinterestLayoutTests */ = {
			isa = PBXNativeTarget;
			buildConfigurationList = 5EDC009F24FC9B8300B7E5DC /* Build configuration list for PBXNativeTarget "PinterestLayoutTests" */;
			buildPhases = (
				F295972C34F1CEA619407268 /* [CP] Check Pods Manifest.lock */,
				5EDC008424FC9B8300B7E5DC /* Sources */,
				5EDC008524FC9B8300B7E5DC /* Frameworks */,
				5EDC008624FC9B8300B7E5DC /* Resources */,
			);
			buildRules = (
			);
			dependencies = (
				5EDC008A24FC9B8300B7E5DC /* PBXTargetDependency */,
			);
			name = PinterestLayoutTests;
			productName = PinterestLayoutTests;
			productReference = 5EDC008824FC9B8300B7E5DC /* PinterestLayoutTests.xctest */;
			productType = "com.apple.product-type.bundle.unit-test";
		};
		5EDC009224FC9B8300B7E5DC /* PinterestLayoutUITests */ = {
			isa = PBXNativeTarget;
			buildConfigurationList = 5EDC00A224FC9B8300B7E5DC /* Build configuration list for PBXNativeTarget "PinterestLayoutUITests" */;
			buildPhases = (
				EB5B05010DBD10B7A066A841 /* [CP] Check Pods Manifest.lock */,
				5EDC008F24FC9B8300B7E5DC /* Sources */,
				5EDC009024FC9B8300B7E5DC /* Frameworks */,
				5EDC009124FC9B8300B7E5DC /* Resources */,
				E8098F00E75338A9592471F7 /* [CP] Embed Pods Frameworks */,
			);
			buildRules = (
			);
			dependencies = (
				5EDC009524FC9B8300B7E5DC /* PBXTargetDependency */,
			);
			name = PinterestLayoutUITests;
			productName = PinterestLayoutUITests;
			productReference = 5EDC009324FC9B8300B7E5DC /* PinterestLayoutUITests.xctest */;
			productType = "com.apple.product-type.bundle.ui-testing";
		};
/* End PBXNativeTarget section */

/* Begin PBXProject section */
		5EDC006C24FC9B8100B7E5DC /* Project object */ = {
			isa = PBXProject;
			attributes = {
				LastSwiftUpdateCheck = 1030;
				LastUpgradeCheck = 1030;
				ORGANIZATIONNAME = VTB;
				TargetAttributes = {
					5EDC007324FC9B8100B7E5DC = {
						CreatedOnToolsVersion = 10.3;
					};
					5EDC008724FC9B8300B7E5DC = {
						CreatedOnToolsVersion = 10.3;
						TestTargetID = 5EDC007324FC9B8100B7E5DC;
					};
					5EDC009224FC9B8300B7E5DC = {
						CreatedOnToolsVersion = 10.3;
						TestTargetID = 5EDC007324FC9B8100B7E5DC;
					};
				};
			};
			buildConfigurationList = 5EDC006F24FC9B8100B7E5DC /* Build configuration list for PBXProject "PinterestLayout" */;
			compatibilityVersion = "Xcode 9.3";
			developmentRegion = en;
			hasScannedForEncodings = 0;
			knownRegions = (
				en,
				Base,
			);
			mainGroup = 5EDC006B24FC9B8100B7E5DC;
			productRefGroup = 5EDC007524FC9B8100B7E5DC /* Products */;
			projectDirPath = "";
			projectRoot = "";
			targets = (
				5EDC007324FC9B8100B7E5DC /* PinterestLayout */,
				5EDC008724FC9B8300B7E5DC /* PinterestLayoutTests */,
				5EDC009224FC9B8300B7E5DC /* PinterestLayoutUITests */,
			);
		};
/* End PBXProject section */

/* Begin PBXResourcesBuildPhase section */
		5EDC007224FC9B8100B7E5DC /* Resources */ = {
			isa = PBXResourcesBuildPhase;
			buildActionMask = 2147483647;
			files = (
				5EDC008224FC9B8300B7E5DC /* LaunchScreen.storyboard in Resources */,
				5EDC007F24FC9B8300B7E5DC /* Assets.xcassets in Resources */,
				5EDC00A924FC9BE000B7E5DC /* CollectionViewCell.xib in Resources */,
				5EDC007D24FC9B8100B7E5DC /* Main.storyboard in Resources */,
			);
			runOnlyForDeploymentPostprocessing = 0;
		};
		5EDC008624FC9B8300B7E5DC /* Resources */ = {
			isa = PBXResourcesBuildPhase;
			buildActionMask = 2147483647;
			files = (
			);
			runOnlyForDeploymentPostprocessing = 0;
		};
		5EDC009124FC9B8300B7E5DC /* Resources */ = {
			isa = PBXResourcesBuildPhase;
			buildActionMask = 2147483647;
			files = (
			);
			runOnlyForDeploymentPostprocessing = 0;
		};
/* End PBXResourcesBuildPhase section */

/* Begin PBXShellScriptBuildPhase section */
		5ACA4719149A7A31BD9D840C /* [CP] Embed Pods Frameworks */ = {
			isa = PBXShellScriptBuildPhase;
			buildActionMask = 2147483647;
			files = (
			);
			inputFileListPaths = (
				"${PODS_ROOT}/Target Support Files/Pods-PinterestLayout/Pods-PinterestLayout-frameworks-${CONFIGURATION}-input-files.xcfilelist",
			);
			name = "[CP] Embed Pods Frameworks";
			outputFileListPaths = (
				"${PODS_ROOT}/Target Support Files/Pods-PinterestLayout/Pods-PinterestLayout-frameworks-${CONFIGURATION}-output-files.xcfilelist",
			);
			runOnlyForDeploymentPostprocessing = 0;
			shellPath = /bin/sh;
			shellScript = "\"${PODS_ROOT}/Target Support Files/Pods-PinterestLayout/Pods-PinterestLayout-frameworks.sh\"\n";
			showEnvVarsInLog = 0;
		};
		93643FAF45B32F789F33C102 /* [CP] Check Pods Manifest.lock */ = {
			isa = PBXShellScriptBuildPhase;
			buildActionMask = 2147483647;
			files = (
			);
			inputFileListPaths = (
			);
			inputPaths = (
				"${PODS_PODFILE_DIR_PATH}/Podfile.lock",
				"${PODS_ROOT}/Manifest.lock",
			);
			name = "[CP] Check Pods Manifest.lock";
			outputFileListPaths = (
			);
			outputPaths = (
				"$(DERIVED_FILE_DIR)/Pods-PinterestLayout-checkManifestLockResult.txt",
			);
			runOnlyForDeploymentPostprocessing = 0;
			shellPath = /bin/sh;
			shellScript = "diff \"${PODS_PODFILE_DIR_PATH}/Podfile.lock\" \"${PODS_ROOT}/Manifest.lock\" > /dev/null\nif [ $? != 0 ] ; then\n    # print error to STDERR\n    echo \"error: The sandbox is not in sync with the Podfile.lock. Run 'pod install' or update your CocoaPods installation.\" >&2\n    exit 1\nfi\n# This output is used by Xcode 'outputs' to avoid re-running this script phase.\necho \"SUCCESS\" > \"${SCRIPT_OUTPUT_FILE_0}\"\n";
			showEnvVarsInLog = 0;
		};
		E8098F00E75338A9592471F7 /* [CP] Embed Pods Frameworks */ = {
			isa = PBXShellScriptBuildPhase;
			buildActionMask = 2147483647;
			files = (
			);
			inputFileListPaths = (
				"${PODS_ROOT}/Target Support Files/Pods-PinterestLayout-PinterestLayoutUITests/Pods-PinterestLayout-PinterestLayoutUITests-frameworks-${CONFIGURATION}-input-files.xcfilelist",
			);
			name = "[CP] Embed Pods Frameworks";
			outputFileListPaths = (
				"${PODS_ROOT}/Target Support Files/Pods-PinterestLayout-PinterestLayoutUITests/Pods-PinterestLayout-PinterestLayoutUITests-frameworks-${CONFIGURATION}-output-files.xcfilelist",
			);
			runOnlyForDeploymentPostprocessing = 0;
			shellPath = /bin/sh;
			shellScript = "\"${PODS_ROOT}/Target Support Files/Pods-PinterestLayout-PinterestLayoutUITests/Pods-PinterestLayout-PinterestLayoutUITests-frameworks.sh\"\n";
			showEnvVarsInLog = 0;
		};
		EB5B05010DBD10B7A066A841 /* [CP] Check Pods Manifest.lock */ = {
			isa = PBXShellScriptBuildPhase;
			buildActionMask = 2147483647;
			files = (
			);
			inputFileListPaths = (
			);
			inputPaths = (
				"${PODS_PODFILE_DIR_PATH}/Podfile.lock",
				"${PODS_ROOT}/Manifest.lock",
			);
			name = "[CP] Check Pods Manifest.lock";
			outputFileListPaths = (
			);
			outputPaths = (
				"$(DERIVED_FILE_DIR)/Pods-PinterestLayout-PinterestLayoutUITests-checkManifestLockResult.txt",
			);
			runOnlyForDeploymentPostprocessing = 0;
			shellPath = /bin/sh;
			shellScript = "diff \"${PODS_PODFILE_DIR_PATH}/Podfile.lock\" \"${PODS_ROOT}/Manifest.lock\" > /dev/null\nif [ $? != 0 ] ; then\n    # print error to STDERR\n    echo \"error: The sandbox is not in sync with the Podfile.lock. Run 'pod install' or update your CocoaPods installation.\" >&2\n    exit 1\nfi\n# This output is used by Xcode 'outputs' to avoid re-running this script phase.\necho \"SUCCESS\" > \"${SCRIPT_OUTPUT_FILE_0}\"\n";
			showEnvVarsInLog = 0;
		};
		F295972C34F1CEA619407268 /* [CP] Check Pods Manifest.lock */ = {
			isa = PBXShellScriptBuildPhase;
			buildActionMask = 2147483647;
			files = (
			);
			inputFileListPaths = (
			);
			inputPaths = (
				"${PODS_PODFILE_DIR_PATH}/Podfile.lock",
				"${PODS_ROOT}/Manifest.lock",
			);
			name = "[CP] Check Pods Manifest.lock";
			outputFileListPaths = (
			);
			outputPaths = (
				"$(DERIVED_FILE_DIR)/Pods-PinterestLayoutTests-checkManifestLockResult.txt",
			);
			runOnlyForDeploymentPostprocessing = 0;
			shellPath = /bin/sh;
			shellScript = "diff \"${PODS_PODFILE_DIR_PATH}/Podfile.lock\" \"${PODS_ROOT}/Manifest.lock\" > /dev/null\nif [ $? != 0 ] ; then\n    # print error to STDERR\n    echo \"error: The sandbox is not in sync with the Podfile.lock. Run 'pod install' or update your CocoaPods installation.\" >&2\n    exit 1\nfi\n# This output is used by Xcode 'outputs' to avoid re-running this script phase.\necho \"SUCCESS\" > \"${SCRIPT_OUTPUT_FILE_0}\"\n";
			showEnvVarsInLog = 0;
		};
/* End PBXShellScriptBuildPhase section */

/* Begin PBXSourcesBuildPhase section */
		5EDC007024FC9B8100B7E5DC /* Sources */ = {
			isa = PBXSourcesBuildPhase;
			buildActionMask = 2147483647;
			files = (
				5EDC007A24FC9B8100B7E5DC /* ViewController.swift in Sources */,
				5EDC00C124FCB12A00B7E5DC /* CHTCollectionViewWaterfallLayout.swift in Sources */,
				5EDC007824FC9B8100B7E5DC /* AppDelegate.swift in Sources */,
				5EDC00C324FCB20500B7E5DC /* Model.swift in Sources */,
				5EDC00A824FC9BE000B7E5DC /* CollectionViewCell.swift in Sources */,
			);
			runOnlyForDeploymentPostprocessing = 0;
		};
		5EDC008424FC9B8300B7E5DC /* Sources */ = {
			isa = PBXSourcesBuildPhase;
			buildActionMask = 2147483647;
			files = (
				5EDC008D24FC9B8300B7E5DC /* PinterestLayoutTests.swift in Sources */,
			);
			runOnlyForDeploymentPostprocessing = 0;
		};
		5EDC008F24FC9B8300B7E5DC /* Sources */ = {
			isa = PBXSourcesBuildPhase;
			buildActionMask = 2147483647;
			files = (
				5EDC009824FC9B8300B7E5DC /* PinterestLayoutUITests.swift in Sources */,
			);
			runOnlyForDeploymentPostprocessing = 0;
		};
/* End PBXSourcesBuildPhase section */

/* Begin PBXTargetDependency section */
		5EDC008A24FC9B8300B7E5DC /* PBXTargetDependency */ = {
			isa = PBXTargetDependency;
			target = 5EDC007324FC9B8100B7E5DC /* PinterestLayout */;
			targetProxy = 5EDC008924FC9B8300B7E5DC /* PBXContainerItemProxy */;
		};
		5EDC009524FC9B8300B7E5DC /* PBXTargetDependency */ = {
			isa = PBXTargetDependency;
			target = 5EDC007324FC9B8100B7E5DC /* PinterestLayout */;
			targetProxy = 5EDC009424FC9B8300B7E5DC /* PBXContainerItemProxy */;
		};
/* End PBXTargetDependency section */

/* Begin PBXVariantGroup section */
		5EDC007B24FC9B8100B7E5DC /* Main.storyboard */ = {
			isa = PBXVariantGroup;
			children = (
				5EDC007C24FC9B8100B7E5DC /* Base */,
			);
			name = Main.storyboard;
			sourceTree = "<group>";
		};
		5EDC008024FC9B8300B7E5DC /* LaunchScreen.storyboard */ = {
			isa = PBXVariantGroup;
			children = (
				5EDC008124FC9B8300B7E5DC /* Base */,
			);
			name = LaunchScreen.storyboard;
			sourceTree = "<group>";
		};
/* End PBXVariantGroup section */

/* Begin XCBuildConfiguration section */
		5EDC009A24FC9B8300B7E5DC /* Debug */ = {
			isa = XCBuildConfiguration;
			buildSettings = {
				ALWAYS_SEARCH_USER_PATHS = NO;
				CLANG_ANALYZER_NONNULL = YES;
				CLANG_ANALYZER_NUMBER_OBJECT_CONVERSION = YES_AGGRESSIVE;
				CLANG_CXX_LANGUAGE_STANDARD = "gnu++14";
				CLANG_CXX_LIBRARY = "libc++";
				CLANG_ENABLE_MODULES = YES;
				CLANG_ENABLE_OBJC_ARC = YES;
				CLANG_ENABLE_OBJC_WEAK = YES;
				CLANG_WARN_BLOCK_CAPTURE_AUTORELEASING = YES;
				CLANG_WARN_BOOL_CONVERSION = YES;
				CLANG_WARN_COMMA = YES;
				CLANG_WARN_CONSTANT_CONVERSION = YES;
				CLANG_WARN_DEPRECATED_OBJC_IMPLEMENTATIONS = YES;
				CLANG_WARN_DIRECT_OBJC_ISA_USAGE = YES_ERROR;
				CLANG_WARN_DOCUMENTATION_COMMENTS = YES;
				CLANG_WARN_EMPTY_BODY = YES;
				CLANG_WARN_ENUM_CONVERSION = YES;
				CLANG_WARN_INFINITE_RECURSION = YES;
				CLANG_WARN_INT_CONVERSION = YES;
				CLANG_WARN_NON_LITERAL_NULL_CONVERSION = YES;
				CLANG_WARN_OBJC_IMPLICIT_RETAIN_SELF = YES;
				CLANG_WARN_OBJC_LITERAL_CONVERSION = YES;
				CLANG_WARN_OBJC_ROOT_CLASS = YES_ERROR;
				CLANG_WARN_RANGE_LOOP_ANALYSIS = YES;
				CLANG_WARN_STRICT_PROTOTYPES = YES;
				CLANG_WARN_SUSPICIOUS_MOVE = YES;
				CLANG_WARN_UNGUARDED_AVAILABILITY = YES_AGGRESSIVE;
				CLANG_WARN_UNREACHABLE_CODE = YES;
				CLANG_WARN__DUPLICATE_METHOD_MATCH = YES;
				CODE_SIGN_IDENTITY = "iPhone Developer";
				COPY_PHASE_STRIP = NO;
				DEBUG_INFORMATION_FORMAT = dwarf;
				ENABLE_STRICT_OBJC_MSGSEND = YES;
				ENABLE_TESTABILITY = YES;
				GCC_C_LANGUAGE_STANDARD = gnu11;
				GCC_DYNAMIC_NO_PIC = NO;
				GCC_NO_COMMON_BLOCKS = YES;
				GCC_OPTIMIZATION_LEVEL = 0;
				GCC_PREPROCESSOR_DEFINITIONS = (
					"DEBUG=1",
					"$(inherited)",
				);
				GCC_WARN_64_TO_32_BIT_CONVERSION = YES;
				GCC_WARN_ABOUT_RETURN_TYPE = YES_ERROR;
				GCC_WARN_UNDECLARED_SELECTOR = YES;
				GCC_WARN_UNINITIALIZED_AUTOS = YES_AGGRESSIVE;
				GCC_WARN_UNUSED_FUNCTION = YES;
				GCC_WARN_UNUSED_VARIABLE = YES;
				IPHONEOS_DEPLOYMENT_TARGET = 12.4;
				MTL_ENABLE_DEBUG_INFO = INCLUDE_SOURCE;
				MTL_FAST_MATH = YES;
				ONLY_ACTIVE_ARCH = YES;
				SDKROOT = iphoneos;
				SWIFT_ACTIVE_COMPILATION_CONDITIONS = DEBUG;
				SWIFT_OPTIMIZATION_LEVEL = "-Onone";
			};
			name = Debug;
		};
		5EDC009B24FC9B8300B7E5DC /* Release */ = {
			isa = XCBuildConfiguration;
			buildSettings = {
				ALWAYS_SEARCH_USER_PATHS = NO;
				CLANG_ANALYZER_NONNULL = YES;
				CLANG_ANALYZER_NUMBER_OBJECT_CONVERSION = YES_AGGRESSIVE;
				CLANG_CXX_LANGUAGE_STANDARD = "gnu++14";
				CLANG_CXX_LIBRARY = "libc++";
				CLANG_ENABLE_MODULES = YES;
				CLANG_ENABLE_OBJC_ARC = YES;
				CLANG_ENABLE_OBJC_WEAK = YES;
				CLANG_WARN_BLOCK_CAPTURE_AUTORELEASING = YES;
				CLANG_WARN_BOOL_CONVERSION = YES;
				CLANG_WARN_COMMA = YES;
				CLANG_WARN_CONSTANT_CONVERSION = YES;
				CLANG_WARN_DEPRECATED_OBJC_IMPLEMENTATIONS = YES;
				CLANG_WARN_DIRECT_OBJC_ISA_USAGE = YES_ERROR;
				CLANG_WARN_DOCUMENTATION_COMMENTS = YES;
				CLANG_WARN_EMPTY_BODY = YES;
				CLANG_WARN_ENUM_CONVERSION = YES;
				CLANG_WARN_INFINITE_RECURSION = YES;
				CLANG_WARN_INT_CONVERSION = YES;
				CLANG_WARN_NON_LITERAL_NULL_CONVERSION = YES;
				CLANG_WARN_OBJC_IMPLICIT_RETAIN_SELF = YES;
				CLANG_WARN_OBJC_LITERAL_CONVERSION = YES;
				CLANG_WARN_OBJC_ROOT_CLASS = YES_ERROR;
				CLANG_WARN_RANGE_LOOP_ANALYSIS = YES;
				CLANG_WARN_STRICT_PROTOTYPES = YES;
				CLANG_WARN_SUSPICIOUS_MOVE = YES;
				CLANG_WARN_UNGUARDED_AVAILABILITY = YES_AGGRESSIVE;
				CLANG_WARN_UNREACHABLE_CODE = YES;
				CLANG_WARN__DUPLICATE_METHOD_MATCH = YES;
				CODE_SIGN_IDENTITY = "iPhone Developer";
				COPY_PHASE_STRIP = NO;
				DEBUG_INFORMATION_FORMAT = "dwarf-with-dsym";
				ENABLE_NS_ASSERTIONS = NO;
				ENABLE_STRICT_OBJC_MSGSEND = YES;
				GCC_C_LANGUAGE_STANDARD = gnu11;
				GCC_NO_COMMON_BLOCKS = YES;
				GCC_WARN_64_TO_32_BIT_CONVERSION = YES;
				GCC_WARN_ABOUT_RETURN_TYPE = YES_ERROR;
				GCC_WARN_UNDECLARED_SELECTOR = YES;
				GCC_WARN_UNINITIALIZED_AUTOS = YES_AGGRESSIVE;
				GCC_WARN_UNUSED_FUNCTION = YES;
				GCC_WARN_UNUSED_VARIABLE = YES;
				IPHONEOS_DEPLOYMENT_TARGET = 12.4;
				MTL_ENABLE_DEBUG_INFO = NO;
				MTL_FAST_MATH = YES;
				SDKROOT = iphoneos;
				SWIFT_COMPILATION_MODE = wholemodule;
				SWIFT_OPTIMIZATION_LEVEL = "-O";
				VALIDATE_PRODUCT = YES;
			};
			name = Release;
		};
		5EDC009D24FC9B8300B7E5DC /* Debug */ = {
			isa = XCBuildConfiguration;
			baseConfigurationReference = AE702191B75014366ED59BF5 /* Pods-PinterestLayout.debug.xcconfig */;
			buildSettings = {
				ASSETCATALOG_COMPILER_APPICON_NAME = AppIcon;
				CODE_SIGN_STYLE = Automatic;
				INFOPLIST_FILE = PinterestLayout/Info.plist;
				LD_RUNPATH_SEARCH_PATHS = (
					"$(inherited)",
					"@executable_path/Frameworks",
				);
				PRODUCT_BUNDLE_IDENTIFIER = com.vtb.PinterestLayout;
				PRODUCT_NAME = "$(TARGET_NAME)";
				SWIFT_VERSION = 5.0;
				TARGETED_DEVICE_FAMILY = "1,2";
			};
			name = Debug;
		};
		5EDC009E24FC9B8300B7E5DC /* Release */ = {
			isa = XCBuildConfiguration;
			baseConfigurationReference = 40DEF14DE2C868AEE3EA01B1 /* Pods-PinterestLayout.release.xcconfig */;
			buildSettings = {
				ASSETCATALOG_COMPILER_APPICON_NAME = AppIcon;
				CODE_SIGN_STYLE = Automatic;
				INFOPLIST_FILE = PinterestLayout/Info.plist;
				LD_RUNPATH_SEARCH_PATHS = (
					"$(inherited)",
					"@executable_path/Frameworks",
				);
				PRODUCT_BUNDLE_IDENTIFIER = com.vtb.PinterestLayout;
				PRODUCT_NAME = "$(TARGET_NAME)";
				SWIFT_VERSION = 5.0;
				TARGETED_DEVICE_FAMILY = "1,2";
			};
			name = Release;
		};
		5EDC00A024FC9B8300B7E5DC /* Debug */ = {
			isa = XCBuildConfiguration;
			baseConfigurationReference = ECCC063A70C5CFF770B6BB64 /* Pods-PinterestLayoutTests.debug.xcconfig */;
			buildSettings = {
				ALWAYS_EMBED_SWIFT_STANDARD_LIBRARIES = YES;
				BUNDLE_LOADER = "$(TEST_HOST)";
				CODE_SIGN_STYLE = Automatic;
				INFOPLIST_FILE = PinterestLayoutTests/Info.plist;
				LD_RUNPATH_SEARCH_PATHS = (
					"$(inherited)",
					"@executable_path/Frameworks",
					"@loader_path/Frameworks",
				);
				PRODUCT_BUNDLE_IDENTIFIER = com.vtb.PinterestLayoutTests;
				PRODUCT_NAME = "$(TARGET_NAME)";
				SWIFT_VERSION = 5.0;
				TARGETED_DEVICE_FAMILY = "1,2";
				TEST_HOST = "$(BUILT_PRODUCTS_DIR)/PinterestLayout.app/PinterestLayout";
			};
			name = Debug;
		};
		5EDC00A124FC9B8300B7E5DC /* Release */ = {
			isa = XCBuildConfiguration;
			baseConfigurationReference = 9B9CBAC36F29D5407634D65A /* Pods-PinterestLayoutTests.release.xcconfig */;
			buildSettings = {
				ALWAYS_EMBED_SWIFT_STANDARD_LIBRARIES = YES;
				BUNDLE_LOADER = "$(TEST_HOST)";
				CODE_SIGN_STYLE = Automatic;
				INFOPLIST_FILE = PinterestLayoutTests/Info.plist;
				LD_RUNPATH_SEARCH_PATHS = (
					"$(inherited)",
					"@executable_path/Frameworks",
					"@loader_path/Frameworks",
				);
				PRODUCT_BUNDLE_IDENTIFIER = com.vtb.PinterestLayoutTests;
				PRODUCT_NAME = "$(TARGET_NAME)";
				SWIFT_VERSION = 5.0;
				TARGETED_DEVICE_FAMILY = "1,2";
				TEST_HOST = "$(BUILT_PRODUCTS_DIR)/PinterestLayout.app/PinterestLayout";
			};
			name = Release;
		};
		5EDC00A324FC9B8300B7E5DC /* Debug */ = {
			isa = XCBuildConfiguration;
			baseConfigurationReference = D22076D5A871E498F46AC529 /* Pods-PinterestLayout-PinterestLayoutUITests.debug.xcconfig */;
			buildSettings = {
				ALWAYS_EMBED_SWIFT_STANDARD_LIBRARIES = YES;
				CODE_SIGN_STYLE = Automatic;
				INFOPLIST_FILE = PinterestLayoutUITests/Info.plist;
				LD_RUNPATH_SEARCH_PATHS = (
					"$(inherited)",
					"@executable_path/Frameworks",
					"@loader_path/Frameworks",
				);
				PRODUCT_BUNDLE_IDENTIFIER = com.vtb.PinterestLayoutUITests;
				PRODUCT_NAME = "$(TARGET_NAME)";
				SWIFT_VERSION = 5.0;
				TARGETED_DEVICE_FAMILY = "1,2";
				TEST_TARGET_NAME = PinterestLayout;
			};
			name = Debug;
		};
		5EDC00A424FC9B8300B7E5DC /* Release */ = {
			isa = XCBuildConfiguration;
			baseConfigurationReference = 726C818370EDD413BCBEB949 /* Pods-PinterestLayout-PinterestLayoutUITests.release.xcconfig */;
			buildSettings = {
				ALWAYS_EMBED_SWIFT_STANDARD_LIBRARIES = YES;
				CODE_SIGN_STYLE = Automatic;
				INFOPLIST_FILE = PinterestLayoutUITests/Info.plist;
				LD_RUNPATH_SEARCH_PATHS = (
					"$(inherited)",
					"@executable_path/Frameworks",
					"@loader_path/Frameworks",
				);
				PRODUCT_BUNDLE_IDENTIFIER = com.vtb.PinterestLayoutUITests;
				PRODUCT_NAME = "$(TARGET_NAME)";
				SWIFT_VERSION = 5.0;
				TARGETED_DEVICE_FAMILY = "1,2";
				TEST_TARGET_NAME = PinterestLayout;
			};
			name = Release;
		};
/* End XCBuildConfiguration section */

/* Begin XCConfigurationList section */
		5EDC006F24FC9B8100B7E5DC /* Build configuration list for PBXProject "PinterestLayout" */ = {
			isa = XCConfigurationList;
			buildConfigurations = (
				5EDC009A24FC9B8300B7E5DC /* Debug */,
				5EDC009B24FC9B8300B7E5DC /* Release */,
			);
			defaultConfigurationIsVisible = 0;
			defaultConfigurationName = Release;
		};
		5EDC009C24FC9B8300B7E5DC /* Build configuration list for PBXNativeTarget "PinterestLayout" */ = {
			isa = XCConfigurationList;
			buildConfigurations = (
				5EDC009D24FC9B8300B7E5DC /* Debug */,
				5EDC009E24FC9B8300B7E5DC /* Release */,
			);
			defaultConfigurationIsVisible = 0;
			defaultConfigurationName = Release;
		};
		5EDC009F24FC9B8300B7E5DC /* Build configuration list for PBXNativeTarget "PinterestLayoutTests" */ = {
			isa = XCConfigurationList;
			buildConfigurations = (
				5EDC00A024FC9B8300B7E5DC /* Debug */,
				5EDC00A124FC9B8300B7E5DC /* Release */,
			);
			defaultConfigurationIsVisible = 0;
			defaultConfigurationName = Release;
		};
		5EDC00A224FC9B8300B7E5DC /* Build configuration list for PBXNativeTarget "PinterestLayoutUITests" */ = {
			isa = XCConfigurationList;
			buildConfigurations = (
				5EDC00A324FC9B8300B7E5DC /* Debug */,
				5EDC00A424FC9B8300B7E5DC /* Release */,
			);
			defaultConfigurationIsVisible = 0;
			defaultConfigurationName = Release;
		};
/* End XCConfigurationList section */
	};
	rootObject = 5EDC006C24FC9B8100B7E5DC /* Project object */;
}
